
Microsoft Visual Studio Solution File, Format Version 12.00
# Visual Studio Version 16
VisualStudioVersion = 16.0.30413.136
MinimumVisualStudioVersion = 10.0.40219.1
Project("{FAE04EC0-301F-11D3-BF4B-00C04F79EFBC}") = "TriviaApp", "TriviaApp.csproj", "{8533991C-188A-4B84-A9C8-D783A3C4D7B8}"
EndProject
Global
	GlobalSection(SolutionConfigurationPlatforms) = preSolution
		Debug|Any CPU = Debug|Any CPU
		Release|Any CPU = Release|Any CPU
	EndGlobalSection
	GlobalSection(ProjectConfigurationPlatforms) = postSolution
		{8533991C-188A-4B84-A9C8-D783A3C4D7B8}.Debug|Any CPU.ActiveCfg = Debug|Any CPU
		{8533991C-188A-4B84-A9C8-D783A3C4D7B8}.Debug|Any CPU.Build.0 = Debug|Any CPU
		{8533991C-188A-4B84-A9C8-D783A3C4D7B8}.Release|Any CPU.ActiveCfg = Release|Any CPU
		{8533991C-188A-4B84-A9C8-D783A3C4D7B8}.Release|Any CPU.Build.0 = Release|Any CPU
	EndGlobalSection
	GlobalSection(SolutionProperties) = preSolution
		HideSolutionNode = FALSE
	EndGlobalSection
	GlobalSection(ExtensibilityGlobals) = postSolution
		SolutionGuid = {058385FA-18AD-49E9-96FF-4FA9E44B0065}
	EndGlobalSection
EndGlobal
