
Microsoft Visual Studio Solution File, Format Version 12.00
# Visual Studio Version 16
VisualStudioVersion = 16.0.30413.136
MinimumVisualStudioVersion = 10.0.40219.1
Project("{FAE04EC0-301F-11D3-BF4B-00C04F79EFBC}") = "BirthdayForm_UnitTest3", "BirthdayForm_UnitTest3.csproj", "{C8D5480F-5719-46F4-BE1B-A63A7E275136}"
EndProject
Global
	GlobalSection(SolutionConfigurationPlatforms) = preSolution
		Debug|Any CPU = Debug|Any CPU
		Release|Any CPU = Release|Any CPU
	EndGlobalSection
	GlobalSection(ProjectConfigurationPlatforms) = postSolution
		{C8D5480F-5719-46F4-BE1B-A63A7E275136}.Debug|Any CPU.ActiveCfg = Debug|Any CPU
		{C8D5480F-5719-46F4-BE1B-A63A7E275136}.Debug|Any CPU.Build.0 = Debug|Any CPU
		{C8D5480F-5719-46F4-BE1B-A63A7E275136}.Release|Any CPU.ActiveCfg = Release|Any CPU
		{C8D5480F-5719-46F4-BE1B-A63A7E275136}.Release|Any CPU.Build.0 = Release|Any CPU
	EndGlobalSection
	GlobalSection(SolutionProperties) = preSolution
		HideSolutionNode = FALSE
	EndGlobalSection
	GlobalSection(ExtensibilityGlobals) = postSolution
		SolutionGuid = {19930FCA-D001-41C4-9087-DE63C9A499E5}
	EndGlobalSection
EndGlobal
