
Microsoft Visual Studio Solution File, Format Version 12.00
# Visual Studio Version 16
VisualStudioVersion = 16.0.30413.136
MinimumVisualStudioVersion = 10.0.40219.1
Project("{FAE04EC0-301F-11D3-BF4B-00C04F79EFBC}") = "PeopleAppGlobals", "PeopleAppGlobals.csproj", "{B9B4C5A5-911A-4335-B122-93E98A96B81B}"
EndProject
Global
	GlobalSection(SolutionConfigurationPlatforms) = preSolution
		Debug|Any CPU = Debug|Any CPU
		Release|Any CPU = Release|Any CPU
	EndGlobalSection
	GlobalSection(ProjectConfigurationPlatforms) = postSolution
		{B9B4C5A5-911A-4335-B122-93E98A96B81B}.Debug|Any CPU.ActiveCfg = Debug|Any CPU
		{B9B4C5A5-911A-4335-B122-93E98A96B81B}.Debug|Any CPU.Build.0 = Debug|Any CPU
		{B9B4C5A5-911A-4335-B122-93E98A96B81B}.Release|Any CPU.ActiveCfg = Release|Any CPU
		{B9B4C5A5-911A-4335-B122-93E98A96B81B}.Release|Any CPU.Build.0 = Release|Any CPU
	EndGlobalSection
	GlobalSection(SolutionProperties) = preSolution
		HideSolutionNode = FALSE
	EndGlobalSection
	GlobalSection(ExtensibilityGlobals) = postSolution
		SolutionGuid = {6E819EBB-79BD-42CB-8B5D-206CF70EAF45}
	EndGlobalSection
EndGlobal
