
Microsoft Visual Studio Solution File, Format Version 12.00
# Visual Studio Version 16
VisualStudioVersion = 16.0.30413.136
MinimumVisualStudioVersion = 10.0.40219.1
Project("{FAE04EC0-301F-11D3-BF4B-00C04F79EFBC}") = "WindowsPeopleApp", "WindowsPeopleApp.csproj", "{6728CC53-098B-4FE2-965B-7B100F0FF36C}"
	ProjectSection(ProjectDependencies) = postProject
		{5897B36B-0B46-4643-80D8-B121F82834A2} = {5897B36B-0B46-4643-80D8-B121F82834A2}
		{F3486BCD-D2D4-497E-94BF-BB355676B28F} = {F3486BCD-D2D4-497E-94BF-BB355676B28F}
	EndProjectSection
EndProject
Project("{FAE04EC0-301F-11D3-BF4B-00C04F79EFBC}") = "EditPerson", "..\EditPerson\EditPerson.csproj", "{5897B36B-0B46-4643-80D8-B121F82834A2}"
	ProjectSection(ProjectDependencies) = postProject
		{B9B4C5A5-911A-4335-B122-93E98A96B81B} = {B9B4C5A5-911A-4335-B122-93E98A96B81B}
		{F3486BCD-D2D4-497E-94BF-BB355676B28F} = {F3486BCD-D2D4-497E-94BF-BB355676B28F}
	EndProjectSection
EndProject
Project("{FAE04EC0-301F-11D3-BF4B-00C04F79EFBC}") = "CourseLib", "..\CourseLib\CourseLib.csproj", "{6ADBA308-1B63-45A3-8673-3B7852A8DB0E}"
EndProject
Project("{FAE04EC0-301F-11D3-BF4B-00C04F79EFBC}") = "PeopleLib", "..\PeopleLib\PeopleLib.csproj", "{F3486BCD-D2D4-497E-94BF-BB355676B28F}"
	ProjectSection(ProjectDependencies) = postProject
		{6ADBA308-1B63-45A3-8673-3B7852A8DB0E} = {6ADBA308-1B63-45A3-8673-3B7852A8DB0E}
	EndProjectSection
EndProject
Project("{FAE04EC0-301F-11D3-BF4B-00C04F79EFBC}") = "PeopleAppGlobals", "..\PeopleAppGlobals\PeopleAppGlobals.csproj", "{B9B4C5A5-911A-4335-B122-93E98A96B81B}"
	ProjectSection(ProjectDependencies) = postProject
		{6ADBA308-1B63-45A3-8673-3B7852A8DB0E} = {6ADBA308-1B63-45A3-8673-3B7852A8DB0E}
		{F3486BCD-D2D4-497E-94BF-BB355676B28F} = {F3486BCD-D2D4-497E-94BF-BB355676B28F}
	EndProjectSection
EndProject
Global
	GlobalSection(SolutionConfigurationPlatforms) = preSolution
		Debug|Any CPU = Debug|Any CPU
		Release|Any CPU = Release|Any CPU
	EndGlobalSection
	GlobalSection(ProjectConfigurationPlatforms) = postSolution
		{6728CC53-098B-4FE2-965B-7B100F0FF36C}.Debug|Any CPU.ActiveCfg = Debug|Any CPU
		{6728CC53-098B-4FE2-965B-7B100F0FF36C}.Debug|Any CPU.Build.0 = Debug|Any CPU
		{6728CC53-098B-4FE2-965B-7B100F0FF36C}.Release|Any CPU.ActiveCfg = Release|Any CPU
		{6728CC53-098B-4FE2-965B-7B100F0FF36C}.Release|Any CPU.Build.0 = Release|Any CPU
		{5897B36B-0B46-4643-80D8-B121F82834A2}.Debug|Any CPU.ActiveCfg = Debug|Any CPU
		{5897B36B-0B46-4643-80D8-B121F82834A2}.Debug|Any CPU.Build.0 = Debug|Any CPU
		{5897B36B-0B46-4643-80D8-B121F82834A2}.Release|Any CPU.ActiveCfg = Release|Any CPU
		{5897B36B-0B46-4643-80D8-B121F82834A2}.Release|Any CPU.Build.0 = Release|Any CPU
		{6ADBA308-1B63-45A3-8673-3B7852A8DB0E}.Debug|Any CPU.ActiveCfg = Debug|Any CPU
		{6ADBA308-1B63-45A3-8673-3B7852A8DB0E}.Debug|Any CPU.Build.0 = Debug|Any CPU
		{6ADBA308-1B63-45A3-8673-3B7852A8DB0E}.Release|Any CPU.ActiveCfg = Release|Any CPU
		{6ADBA308-1B63-45A3-8673-3B7852A8DB0E}.Release|Any CPU.Build.0 = Release|Any CPU
		{F3486BCD-D2D4-497E-94BF-BB355676B28F}.Debug|Any CPU.ActiveCfg = Debug|Any CPU
		{F3486BCD-D2D4-497E-94BF-BB355676B28F}.Debug|Any CPU.Build.0 = Debug|Any CPU
		{F3486BCD-D2D4-497E-94BF-BB355676B28F}.Release|Any CPU.ActiveCfg = Release|Any CPU
		{F3486BCD-D2D4-497E-94BF-BB355676B28F}.Release|Any CPU.Build.0 = Release|Any CPU
		{B9B4C5A5-911A-4335-B122-93E98A96B81B}.Debug|Any CPU.ActiveCfg = Debug|Any CPU
		{B9B4C5A5-911A-4335-B122-93E98A96B81B}.Debug|Any CPU.Build.0 = Debug|Any CPU
		{B9B4C5A5-911A-4335-B122-93E98A96B81B}.Release|Any CPU.ActiveCfg = Release|Any CPU
		{B9B4C5A5-911A-4335-B122-93E98A96B81B}.Release|Any CPU.Build.0 = Release|Any CPU
	EndGlobalSection
	GlobalSection(SolutionProperties) = preSolution
		HideSolutionNode = FALSE
	EndGlobalSection
	GlobalSection(ExtensibilityGlobals) = postSolution
		SolutionGuid = {2A8D8C38-0AE7-48D8-A091-AB11B4DC68EA}
	EndGlobalSection
EndGlobal
