
Microsoft Visual Studio Solution File, Format Version 12.00
# Visual Studio Version 16
VisualStudioVersion = 16.0.30413.136
MinimumVisualStudioVersion = 10.0.40219.1
Project("{FAE04EC0-301F-11D3-BF4B-00C04F79EFBC}") = "PE6_Parsing_Formatting", "PE6_Parsing_Formatting.csproj", "{54E60BDF-5906-4EED-BFF7-1EEFC3B8B1BA}"
EndProject
Global
	GlobalSection(SolutionConfigurationPlatforms) = preSolution
		Debug|Any CPU = Debug|Any CPU
		Release|Any CPU = Release|Any CPU
	EndGlobalSection
	GlobalSection(ProjectConfigurationPlatforms) = postSolution
		{54E60BDF-5906-4EED-BFF7-1EEFC3B8B1BA}.Debug|Any CPU.ActiveCfg = Debug|Any CPU
		{54E60BDF-5906-4EED-BFF7-1EEFC3B8B1BA}.Debug|Any CPU.Build.0 = Debug|Any CPU
		{54E60BDF-5906-4EED-BFF7-1EEFC3B8B1BA}.Release|Any CPU.ActiveCfg = Release|Any CPU
		{54E60BDF-5906-4EED-BFF7-1EEFC3B8B1BA}.Release|Any CPU.Build.0 = Release|Any CPU
	EndGlobalSection
	GlobalSection(SolutionProperties) = preSolution
		HideSolutionNode = FALSE
	EndGlobalSection
	GlobalSection(ExtensibilityGlobals) = postSolution
		SolutionGuid = {31FC209E-EFDE-435B-84B1-E852AF1FCD11}
	EndGlobalSection
EndGlobal
