
Microsoft Visual Studio Solution File, Format Version 12.00
# Visual Studio Version 16
VisualStudioVersion = 16.0.30413.136
MinimumVisualStudioVersion = 10.0.40219.1
Project("{FAE04EC0-301F-11D3-BF4B-00C04F79EFBC}") = "UnitTest2_Question14", "UnitTest2_Question14.csproj", "{D6BF25DD-D823-4BE3-830A-B5441838C9FC}"
EndProject
Global
	GlobalSection(SolutionConfigurationPlatforms) = preSolution
		Debug|Any CPU = Debug|Any CPU
		Release|Any CPU = Release|Any CPU
	EndGlobalSection
	GlobalSection(ProjectConfigurationPlatforms) = postSolution
		{D6BF25DD-D823-4BE3-830A-B5441838C9FC}.Debug|Any CPU.ActiveCfg = Debug|Any CPU
		{D6BF25DD-D823-4BE3-830A-B5441838C9FC}.Debug|Any CPU.Build.0 = Debug|Any CPU
		{D6BF25DD-D823-4BE3-830A-B5441838C9FC}.Release|Any CPU.ActiveCfg = Release|Any CPU
		{D6BF25DD-D823-4BE3-830A-B5441838C9FC}.Release|Any CPU.Build.0 = Release|Any CPU
	EndGlobalSection
	GlobalSection(SolutionProperties) = preSolution
		HideSolutionNode = FALSE
	EndGlobalSection
	GlobalSection(ExtensibilityGlobals) = postSolution
		SolutionGuid = {A3610054-93BB-4DAD-9A3C-D12FCC2A6C40}
	EndGlobalSection
EndGlobal
